// !$*UTF8*$!
{
	archiveVersion = 1;
	classes = {
	};
	objectVersion = 56;
	objects = {

/* Begin PBXBuildFile section */
		048DDE932C37556600C94370 /* TempConverterApp.swift in Sources */ = {isa = PBXBuildFile; fileRef = 048DDE922C37556600C94370 /* TempConverterApp.swift */; };
		048DDE952C37556600C94370 /* ContentView.swift in Sources */ = {isa = PBXBuildFile; fileRef = 048DDE942C37556600C94370 /* ContentView.swift */; };
		048DDE972C37556700C94370 /* Assets.xcassets in Resources */ = {isa = PBXBuildFile; fileRef = 048DDE962C37556700C94370 /* Assets.xcassets */; };
		048DDE9A2C37556700C94370 /* Preview Assets.xcassets in Resources */ = {isa = PBXBuildFile; fileRef = 048DDE992C37556700C94370 /* Preview Assets.xcassets */; };
		048DDEA42C37556700C94370 /* TempConverterTests.swift in Sources */ = {isa = PBXBuildFile; fileRef = 048DDEA32C37556700C94370 /* TempConverterTests.swift */; };
		048DDEAE2C37556700C94370 /* TempConverterUITests.swift in Sources */ = {isa = PBXBuildFile; fileRef = 048DDEAD2C37556700C94370 /* TempConverterUITests.swift */; };
		048DDEB02C37556700C94370 /* TempConverterUITestsLaunchTests.swift in Sources */ = {isa = PBXBuildFile; fileRef = 048DDEAF2C37556700C94370 /* TempConverterUITestsLaunchTests.swift */; };
/* End PBXBuildFile section */

/* Begin PBXContainerItemProxy section */
		048DDEA02C37556700C94370 /* PBXContainerItemProxy */ = {
			isa = PBXContainerItemProxy;
			containerPortal = 048DDE872C37556600C94370 /* Project object */;
			proxyType = 1;
			remoteGlobalIDString = 048DDE8E2C37556600C94370;
			remoteInfo = TempConverter;
		};
		048DDEAA2C37556700C94370 /* PBXContainerItemProxy */ = {
			isa = PBXContainerItemProxy;
			containerPortal = 048DDE872C37556600C94370 /* Project object */;
			proxyType = 1;
			remoteGlobalIDString = 048DDE8E2C37556600C94370;
			remoteInfo = TempConverter;
		};
/* End PBXContainerItemProxy section */

/* Begin PBXFileReference section */
		048DDE8F2C37556600C94370 /* TempConverter.app */ = {isa = PBXFileReference; explicitFileType = wrapper.application; includeInIndex = 0; path = TempConverter.app; sourceTree = BUILT_PRODUCTS_DIR; };
		048DDE922C37556600C94370 /* TempConverterApp.swift */ = {isa = PBXFileReference; lastKnownFileType = sourcecode.swift; path = TempConverterApp.swift; sourceTree = "<group>"; };
		048DDE942C37556600C94370 /* ContentView.swift */ = {isa = PBXFileReference; lastKnownFileType = sourcecode.swift; path = ContentView.swift; sourceTree = "<group>"; };
		048DDE962C37556700C94370 /* Assets.xcassets */ = {isa = PBXFileReference; lastKnownFileType = folder.assetcatalog; path = Assets.xcassets; sourceTree = "<group>"; };
		048DDE992C37556700C94370 /* Preview Assets.xcassets */ = {isa = PBXFileReference; lastKnownFileType = folder.assetcatalog; path = "Preview Assets.xcassets"; sourceTree = "<group>"; };
		048DDE9F2C37556700C94370 /* TempConverterTests.xctest */ = {isa = PBXFileReference; explicitFileType = wrapper.cfbundle; includeInIndex = 0; path = TempConverterTests.xctest; sourceTree = BUILT_PRODUCTS_DIR; };
		048DDEA32C37556700C94370 /* TempConverterTests.swift */ = {isa = PBXFileReference; lastKnownFileType = sourcecode.swift; path = TempConverterTests.swift; sourceTree = "<group>"; };
		048DDEA92C37556700C94370 /* TempConverterUITests.xctest */ = {isa = PBXFileReference; explicitFileType = wrapper.cfbundle; includeInIndex = 0; path = TempConverterUITests.xctest; sourceTree = BUILT_PRODUCTS_DIR; };
		048DDEAD2C37556700C94370 /* TempConverterUITests.swift */ = {isa = PBXFileReference; lastKnownFileType = sourcecode.swift; path = TempConverterUITests.swift; sourceTree = "<group>"; };
		048DDEAF2C37556700C94370 /* TempConverterUITestsLaunchTests.swift */ = {isa = PBXFileReference; lastKnownFileType = sourcecode.swift; path = TempConverterUITestsLaunchTests.swift; sourceTree = "<group>"; };
/* End PBXFileReference section */

/* Begin PBXFrameworksBuildPhase section */
		048DDE8C2C37556600C94370 /* Frameworks */ = {
			isa = PBXFrameworksBuildPhase;
			buildActionMask = 2147483647;
			files = (
			);
			runOnlyForDeploymentPostprocessing = 0;
		};
		048DDE9C2C37556700C94370 /* Frameworks */ = {
			isa = PBXFrameworksBuildPhase;
			buildActionMask = 2147483647;
			files = (
			);
			runOnlyForDeploymentPostprocessing = 0;
		};
		048DDEA62C37556700C94370 /* Frameworks */ = {
			isa = PBXFrameworksBuildPhase;
			buildActionMask = 2147483647;
			files = (
			);
			runOnlyForDeploymentPostprocessing = 0;
		};
/* End PBXFrameworksBuildPhase section */

/* Begin PBXGroup section */
		048DDE862C37556600C94370 = {
			isa = PBXGroup;
			children = (
				048DDE912C37556600C94370 /* TempConverter */,
				048DDEA22C37556700C94370 /* TempConverterTests */,
				048DDEAC2C37556700C94370 /* TempConverterUITests */,
				048DDE902C37556600C94370 /* Products */,
			);
			sourceTree = "<group>";
		};
		048DDE902C37556600C94370 /* Products */ = {
			isa = PBXGroup;
			children = (
				048DDE8F2C37556600C94370 /* TempConverter.app */,
				048DDE9F2C37556700C94370 /* TempConverterTests.xctest */,
				048DDEA92C37556700C94370 /* TempConverterUITests.xctest */,
			);
			name = Products;
			sourceTree = "<group>";
		};
		048DDE912C37556600C94370 /* TempConverter */ = {
			isa = PBXGroup;
			children = (
				048DDE922C37556600C94370 /* TempConverterApp.swift */,
				048DDE942C37556600C94370 /* ContentView.swift */,
				048DDE962C37556700C94370 /* Assets.xcassets */,
				048DDE982C37556700C94370 /* Preview Content */,
			);
			path = TempConverter;
			sourceTree = "<group>";
		};
		048DDE982C37556700C94370 /* Preview Content */ = {
			isa = PBXGroup;
			children = (
				048DDE992C37556700C94370 /* Preview Assets.xcassets */,
			);
			path = "Preview Content";
			sourceTree = "<group>";
		};
		048DDEA22C37556700C94370 /* TempConverterTests */ = {
			isa = PBXGroup;
			children = (
				048DDEA32C37556700C94370 /* TempConverterTests.swift */,
			);
			path = TempConverterTests;
			sourceTree = "<group>";
		};
		048DDEAC2C37556700C94370 /* TempConverterUITests */ = {
			isa = PBXGroup;
			children = (
				048DDEAD2C37556700C94370 /* TempConverterUITests.swift */,
				048DDEAF2C37556700C94370 /* TempConverterUITestsLaunchTests.swift */,
			);
			path = TempConverterUITests;
			sourceTree = "<group>";
		};
/* End PBXGroup section */

/* Begin PBXNativeTarget section */
		048DDE8E2C37556600C94370 /* TempConverter */ = {
			isa = PBXNativeTarget;
			buildConfigurationList = 048DDEB32C37556700C94370 /* Build configuration list for PBXNativeTarget "TempConverter" */;
			buildPhases = (
				048DDE8B2C37556600C94370 /* Sources */,
				048DDE8C2C37556600C94370 /* Frameworks */,
				048DDE8D2C37556600C94370 /* Resources */,
			);
			buildRules = (
			);
			dependencies = (
			);
			name = TempConverter;
			productName = TempConverter;
			productReference = 048DDE8F2C37556600C94370 /* TempConverter.app */;
			productType = "com.apple.product-type.application";
		};
		048DDE9E2C37556700C94370 /* TempConverterTests */ = {
			isa = PBXNativeTarget;
			buildConfigurationList = 048DDEB62C37556700C94370 /* Build configuration list for PBXNativeTarget "TempConverterTests" */;
			buildPhases = (
				048DDE9B2C37556700C94370 /* Sources */,
				048DDE9C2C37556700C94370 /* Frameworks */,
				048DDE9D2C37556700C94370 /* Resources */,
			);
			buildRules = (
			);
			dependencies = (
				048DDEA12C37556700C94370 /* PBXTargetDependency */,
			);
			name = TempConverterTests;
			productName = TempConverterTests;
			productReference = 048DDE9F2C37556700C94370 /* TempConverterTests.xctest */;
			productType = "com.apple.product-type.bundle.unit-test";
		};
		048DDEA82C37556700C94370 /* TempConverterUITests */ = {
			isa = PBXNativeTarget;
			buildConfigurationList = 048DDEB92C37556700C94370 /* Build configuration list for PBXNativeTarget "TempConverterUITests" */;
			buildPhases = (
				048DDEA52C37556700C94370 /* Sources */,
				048DDEA62C37556700C94370 /* Frameworks */,
				048DDEA72C37556700C94370 /* Resources */,
			);
			buildRules = (
			);
			dependencies = (
				048DDEAB2C37556700C94370 /* PBXTargetDependency */,
			);
			name = TempConverterUITests;
			productName = TempConverterUITests;
			productReference = 048DDEA92C37556700C94370 /* TempConverterUITests.xctest */;
			productType = "com.apple.product-type.bundle.ui-testing";
		};
/* End PBXNativeTarget section */

/* Begin PBXProject section */
		048DDE872C37556600C94370 /* Project object */ = {
			isa = PBXProject;
			attributes = {
				BuildIndependentTargetsInParallel = 1;
				LastSwiftUpdateCheck = 1540;
				LastUpgradeCheck = 1540;
				TargetAttributes = {
					048DDE8E2C37556600C94370 = {
						CreatedOnToolsVersion = 15.4;
					};
					048DDE9E2C37556700C94370 = {
						CreatedOnToolsVersion = 15.4;
						TestTargetID = 048DDE8E2C37556600C94370;
					};
					048DDEA82C37556700C94370 = {
						CreatedOnToolsVersion = 15.4;
						TestTargetID = 048DDE8E2C37556600C94370;
					};
				};
			};
			buildConfigurationList = 048DDE8A2C37556600C94370 /* Build configuration list for PBXProject "TempConverter" */;
			compatibilityVersion = "Xcode 14.0";
			developmentRegion = en;
			hasScannedForEncodings = 0;
			knownRegions = (
				en,
				Base,
			);
			mainGroup = 048DDE862C37556600C94370;
			productRefGroup = 048DDE902C37556600C94370 /* Products */;
			projectDirPath = "";
			projectRoot = "";
			targets = (
				048DDE8E2C37556600C94370 /* TempConverter */,
				048DDE9E2C37556700C94370 /* TempConverterTests */,
				048DDEA82C37556700C94370 /* TempConverterUITests */,
			);
		};
/* End PBXProject section */

/* Begin PBXResourcesBuildPhase section */
		048DDE8D2C37556600C94370 /* Resources */ = {
			isa = PBXResourcesBuildPhase;
			buildActionMask = 2147483647;
			files = (
				048DDE9A2C37556700C94370 /* Preview Assets.xcassets in Resources */,
				048DDE972C37556700C94370 /* Assets.xcassets in Resources */,
			);
			runOnlyForDeploymentPostprocessing = 0;
		};
		048DDE9D2C37556700C94370 /* Resources */ = {
			isa = PBXResourcesBuildPhase;
			buildActionMask = 2147483647;
			files = (
			);
			runOnlyForDeploymentPostprocessing = 0;
		};
		048DDEA72C37556700C94370 /* Resources */ = {
			isa = PBXResourcesBuildPhase;
			buildActionMask = 2147483647;
			files = (
			);
			runOnlyForDeploymentPostprocessing = 0;
		};
/* End PBXResourcesBuildPhase section */

/* Begin PBXSourcesBuildPhase section */
		048DDE8B2C37556600C94370 /* Sources */ = {
			isa = PBXSourcesBuildPhase;
			buildActionMask = 2147483647;
			files = (
				048DDE952C37556600C94370 /* ContentView.swift in Sources */,
				048DDE932C37556600C94370 /* TempConverterApp.swift in Sources */,
			);
			runOnlyForDeploymentPostprocessing = 0;
		};
		048DDE9B2C37556700C94370 /* Sources */ = {
			isa = PBXSourcesBuildPhase;
			buildActionMask = 2147483647;
			files = (
				048DDEA42C37556700C94370 /* TempConverterTests.swift in Sources */,
			);
			runOnlyForDeploymentPostprocessing = 0;
		};
		048DDEA52C37556700C94370 /* Sources */ = {
			isa = PBXSourcesBuildPhase;
			buildActionMask = 2147483647;
			files = (
				048DDEAE2C37556700C94370 /* TempConverterUITests.swift in Sources */,
				048DDEB02C37556700C94370 /* TempConverterUITestsLaunchTests.swift in Sources */,
			);
			runOnlyForDeploymentPostprocessing = 0;
		};
/* End PBXSourcesBuildPhase section */

/* Begin PBXTargetDependency section */
		048DDEA12C37556700C94370 /* PBXTargetDependency */ = {
			isa = PBXTargetDependency;
			target = 048DDE8E2C37556600C94370 /* TempConverter */;
			targetProxy = 048DDEA02C37556700C94370 /* PBXContainerItemProxy */;
		};
		048DDEAB2C37556700C94370 /* PBXTargetDependency */ = {
			isa = PBXTargetDependency;
			target = 048DDE8E2C37556600C94370 /* TempConverter */;
			targetProxy = 048DDEAA2C37556700C94370 /* PBXContainerItemProxy */;
		};
/* End PBXTargetDependency section */

/* Begin XCBuildConfiguration section */
		048DDEB12C37556700C94370 /* Debug */ = {
			isa = XCBuildConfiguration;
			buildSettings = {
				ALWAYS_SEARCH_USER_PATHS = NO;
				ASSETCATALOG_COMPILER_GENERATE_SWIFT_ASSET_SYMBOL_EXTENSIONS = YES;
				CLANG_ANALYZER_NONNULL = YES;
				CLANG_ANALYZER_NUMBER_OBJECT_CONVERSION = YES_AGGRESSIVE;
				CLANG_CXX_LANGUAGE_STANDARD = "gnu++20";
				CLANG_ENABLE_MODULES = YES;
				CLANG_ENABLE_OBJC_ARC = YES;
				CLANG_ENABLE_OBJC_WEAK = YES;
				CLANG_WARN_BLOCK_CAPTURE_AUTORELEASING = YES;
				CLANG_WARN_BOOL_CONVERSION = YES;
				CLANG_WARN_COMMA = YES;
				CLANG_WARN_CONSTANT_CONVERSION = YES;
				CLANG_WARN_DEPRECATED_OBJC_IMPLEMENTATIONS = YES;
				CLANG_WARN_DIRECT_OBJC_ISA_USAGE = YES_ERROR;
				CLANG_WARN_DOCUMENTATION_COMMENTS = YES;
				CLANG_WARN_EMPTY_BODY = YES;
				CLANG_WARN_ENUM_CONVERSION = YES;
				CLANG_WARN_INFINITE_RECURSION = YES;
				CLANG_WARN_INT_CONVERSION = YES;
				CLANG_WARN_NON_LITERAL_NULL_CONVERSION = YES;
				CLANG_WARN_OBJC_IMPLICIT_RETAIN_SELF = YES;
				CLANG_WARN_OBJC_LITERAL_CONVERSION = YES;
				CLANG_WARN_OBJC_ROOT_CLASS = YES_ERROR;
				CLANG_WARN_QUOTED_INCLUDE_IN_FRAMEWORK_HEADER = YES;
				CLANG_WARN_RANGE_LOOP_ANALYSIS = YES;
				CLANG_WARN_STRICT_PROTOTYPES = YES;
				CLANG_WARN_SUSPICIOUS_MOVE = YES;
				CLANG_WARN_UNGUARDED_AVAILABILITY = YES_AGGRESSIVE;
				CLANG_WARN_UNREACHABLE_CODE = YES;
				CLANG_WARN__DUPLICATE_METHOD_MATCH = YES;
				COPY_PHASE_STRIP = NO;
				DEBUG_INFORMATION_FORMAT = dwarf;
				ENABLE_STRICT_OBJC_MSGSEND = YES;
				ENABLE_TESTABILITY = YES;
				ENABLE_USER_SCRIPT_SANDBOXING = YES;
				GCC_C_LANGUAGE_STANDARD = gnu17;
				GCC_DYNAMIC_NO_PIC = NO;
				GCC_NO_COMMON_BLOCKS = YES;
				GCC_OPTIMIZATION_LEVEL = 0;
				GCC_PREPROCESSOR_DEFINITIONS = (
					"DEBUG=1",
					"$(inherited)",
				);
				GCC_WARN_64_TO_32_BIT_CONVERSION = YES;
				GCC_WARN_ABOUT_RETURN_TYPE = YES_ERROR;
				GCC_WARN_UNDECLARED_SELECTOR = YES;
				GCC_WARN_UNINITIALIZED_AUTOS = YES_AGGRESSIVE;
				GCC_WARN_UNUSED_FUNCTION = YES;
				GCC_WARN_UNUSED_VARIABLE = YES;
				IPHONEOS_DEPLOYMENT_TARGET = 17.5;
				LOCALIZATION_PREFERS_STRING_CATALOGS = YES;
				MTL_ENABLE_DEBUG_INFO = INCLUDE_SOURCE;
				MTL_FAST_MATH = YES;
				ONLY_ACTIVE_ARCH = YES;
				SDKROOT = iphoneos;
				SWIFT_ACTIVE_COMPILATION_CONDITIONS = "DEBUG $(inherited)";
				SWIFT_OPTIMIZATION_LEVEL = "-Onone";
			};
			name = Debug;
		};
		048DDEB22C37556700C94370 /* Release */ = {
			isa = XCBuildConfiguration;
			buildSettings = {
				ALWAYS_SEARCH_USER_PATHS = NO;
				ASSETCATALOG_COMPILER_GENERATE_SWIFT_ASSET_SYMBOL_EXTENSIONS = YES;
				CLANG_ANALYZER_NONNULL = YES;
				CLANG_ANALYZER_NUMBER_OBJECT_CONVERSION = YES_AGGRESSIVE;
				CLANG_CXX_LANGUAGE_STANDARD = "gnu++20";
				CLANG_ENABLE_MODULES = YES;
				CLANG_ENABLE_OBJC_ARC = YES;
				CLANG_ENABLE_OBJC_WEAK = YES;
				CLANG_WARN_BLOCK_CAPTURE_AUTORELEASING = YES;
				CLANG_WARN_BOOL_CONVERSION = YES;
				CLANG_WARN_COMMA = YES;
				CLANG_WARN_CONSTANT_CONVERSION = YES;
				CLANG_WARN_DEPRECATED_OBJC_IMPLEMENTATIONS = YES;
				CLANG_WARN_DIRECT_OBJC_ISA_USAGE = YES_ERROR;
				CLANG_WARN_DOCUMENTATION_COMMENTS = YES;
				CLANG_WARN_EMPTY_BODY = YES;
				CLANG_WARN_ENUM_CONVERSION = YES;
				CLANG_WARN_INFINITE_RECURSION = YES;
				CLANG_WARN_INT_CONVERSION = YES;
				CLANG_WARN_NON_LITERAL_NULL_CONVERSION = YES;
				CLANG_WARN_OBJC_IMPLICIT_RETAIN_SELF = YES;
				CLANG_WARN_OBJC_LITERAL_CONVERSION = YES;
				CLANG_WARN_OBJC_ROOT_CLASS = YES_ERROR;
				CLANG_WARN_QUOTED_INCLUDE_IN_FRAMEWORK_HEADER = YES;
				CLANG_WARN_RANGE_LOOP_ANALYSIS = YES;
				CLANG_WARN_STRICT_PROTOTYPES = YES;
				CLANG_WARN_SUSPICIOUS_MOVE = YES;
				CLANG_WARN_UNGUARDED_AVAILABILITY = YES_AGGRESSIVE;
				CLANG_WARN_UNREACHABLE_CODE = YES;
				CLANG_WARN__DUPLICATE_METHOD_MATCH = YES;
				COPY_PHASE_STRIP = NO;
				DEBUG_INFORMATION_FORMAT = "dwarf-with-dsym";
				ENABLE_NS_ASSERTIONS = NO;
				ENABLE_STRICT_OBJC_MSGSEND = YES;
				ENABLE_USER_SCRIPT_SANDBOXING = YES;
				GCC_C_LANGUAGE_STANDARD = gnu17;
				GCC_NO_COMMON_BLOCKS = YES;
				GCC_WARN_64_TO_32_BIT_CONVERSION = YES;
				GCC_WARN_ABOUT_RETURN_TYPE = YES_ERROR;
				GCC_WARN_UNDECLARED_SELECTOR = YES;
				GCC_WARN_UNINITIALIZED_AUTOS = YES_AGGRESSIVE;
				GCC_WARN_UNUSED_FUNCTION = YES;
				GCC_WARN_UNUSED_VARIABLE = YES;
				IPHONEOS_DEPLOYMENT_TARGET = 17.5;
				LOCALIZATION_PREFERS_STRING_CATALOGS = YES;
				MTL_ENABLE_DEBUG_INFO = NO;
				MTL_FAST_MATH = YES;
				SDKROOT = iphoneos;
				SWIFT_COMPILATION_MODE = wholemodule;
				VALIDATE_PRODUCT = YES;
			};
			name = Release;
		};
		048DDEB42C37556700C94370 /* Debug */ = {
			isa = XCBuildConfiguration;
			buildSettings = {
				ASSETCATALOG_COMPILER_APPICON_NAME = AppIcon;
				ASSETCATALOG_COMPILER_GLOBAL_ACCENT_COLOR_NAME = AccentColor;
				CODE_SIGN_STYLE = Automatic;
				CURRENT_PROJECT_VERSION = 1;
				DEVELOPMENT_ASSET_PATHS = "\"TempConverter/Preview Content\"";
				ENABLE_PREVIEWS = YES;
				GENERATE_INFOPLIST_FILE = YES;
				INFOPLIST_KEY_UIApplicationSceneManifest_Generation = YES;
				INFOPLIST_KEY_UIApplicationSupportsIndirectInputEvents = YES;
				INFOPLIST_KEY_UILaunchScreen_Generation = YES;
				INFOPLIST_KEY_UISupportedInterfaceOrientations_iPad = "UIInterfaceOrientationPortrait UIInterfaceOrientationPortraitUpsideDown UIInterfaceOrientationLandscapeLeft UIInterfaceOrientationLandscapeRight";
				INFOPLIST_KEY_UISupportedInterfaceOrientations_iPhone = "UIInterfaceOrientationPortrait UIInterfaceOrientationLandscapeLeft UIInterfaceOrientationLandscapeRight";
				LD_RUNPATH_SEARCH_PATHS = (
					"$(inherited)",
					"@executable_path/Frameworks",
				);
				MARKETING_VERSION = 1.0;
				PRODUCT_BUNDLE_IDENTIFIER = com.nuvempower.TempConverter;
				PRODUCT_NAME = "$(TARGET_NAME)";
				SWIFT_EMIT_LOC_STRINGS = YES;
				SWIFT_VERSION = 5.0;
				TARGETED_DEVICE_FAMILY = "1,2";
			};
			name = Debug;
		};
		048DDEB52C37556700C94370 /* Release */ = {
			isa = XCBuildConfiguration;
			buildSettings = {
				ASSETCATALOG_COMPILER_APPICON_NAME = AppIcon;
				ASSETCATALOG_COMPILER_GLOBAL_ACCENT_COLOR_NAME = AccentColor;
				CODE_SIGN_STYLE = Automatic;
				CURRENT_PROJECT_VERSION = 1;
				DEVELOPMENT_ASSET_PATHS = "\"TempConverter/Preview Content\"";
				ENABLE_PREVIEWS = YES;
				GENERATE_INFOPLIST_FILE = YES;
				INFOPLIST_KEY_UIApplicationSceneManifest_Generation = YES;
				INFOPLIST_KEY_UIApplicationSupportsIndirectInputEvents = YES;
				INFOPLIST_KEY_UILaunchScreen_Generation = YES;
				INFOPLIST_KEY_UISupportedInterfaceOrientations_iPad = "UIInterfaceOrientationPortrait UIInterfaceOrientationPortraitUpsideDown UIInterfaceOrientationLandscapeLeft UIInterfaceOrientationLandscapeRight";
				INFOPLIST_KEY_UISupportedInterfaceOrientations_iPhone = "UIInterfaceOrientationPortrait UIInterfaceOrientationLandscapeLeft UIInterfaceOrientationLandscapeRight";
				LD_RUNPATH_SEARCH_PATHS = (
					"$(inherited)",
					"@executable_path/Frameworks",
				);
				MARKETING_VERSION = 1.0;
				PRODUCT_BUNDLE_IDENTIFIER = com.nuvempower.TempConverter;
				PRODUCT_NAME = "$(TARGET_NAME)";
				SWIFT_EMIT_LOC_STRINGS = YES;
				SWIFT_VERSION = 5.0;
				TARGETED_DEVICE_FAMILY = "1,2";
			};
			name = Release;
		};
		048DDEB72C37556700C94370 /* Debug */ = {
			isa = XCBuildConfiguration;
			buildSettings = {
				ALWAYS_EMBED_SWIFT_STANDARD_LIBRARIES = YES;
				BUNDLE_LOADER = "$(TEST_HOST)";
				CODE_SIGN_STYLE = Automatic;
				CURRENT_PROJECT_VERSION = 1;
				GENERATE_INFOPLIST_FILE = YES;
				IPHONEOS_DEPLOYMENT_TARGET = 17.5;
				MARKETING_VERSION = 1.0;
				PRODUCT_BUNDLE_IDENTIFIER = com.nuvempower.TempConverterTests;
				PRODUCT_NAME = "$(TARGET_NAME)";
				SWIFT_EMIT_LOC_STRINGS = NO;
				SWIFT_VERSION = 5.0;
				TARGETED_DEVICE_FAMILY = "1,2";
				TEST_HOST = "$(BUILT_PRODUCTS_DIR)/TempConverter.app/$(BUNDLE_EXECUTABLE_FOLDER_PATH)/TempConverter";
			};
			name = Debug;
		};
		048DDEB82C37556700C94370 /* Release */ = {
			isa = XCBuildConfiguration;
			buildSettings = {
				ALWAYS_EMBED_SWIFT_STANDARD_LIBRARIES = YES;
				BUNDLE_LOADER = "$(TEST_HOST)";
				CODE_SIGN_STYLE = Automatic;
				CURRENT_PROJECT_VERSION = 1;
				GENERATE_INFOPLIST_FILE = YES;
				IPHONEOS_DEPLOYMENT_TARGET = 17.5;
				MARKETING_VERSION = 1.0;
				PRODUCT_BUNDLE_IDENTIFIER = com.nuvempower.TempConverterTests;
				PRODUCT_NAME = "$(TARGET_NAME)";
				SWIFT_EMIT_LOC_STRINGS = NO;
				SWIFT_VERSION = 5.0;
				TARGETED_DEVICE_FAMILY = "1,2";
				TEST_HOST = "$(BUILT_PRODUCTS_DIR)/TempConverter.app/$(BUNDLE_EXECUTABLE_FOLDER_PATH)/TempConverter";
			};
			name = Release;
		};
		048DDEBA2C37556700C94370 /* Debug */ = {
			isa = XCBuildConfiguration;
			buildSettings = {
				ALWAYS_EMBED_SWIFT_STANDARD_LIBRARIES = YES;
				CODE_SIGN_STYLE = Automatic;
				CURRENT_PROJECT_VERSION = 1;
				GENERATE_INFOPLIST_FILE = YES;
				MARKETING_VERSION = 1.0;
				PRODUCT_BUNDLE_IDENTIFIER = com.nuvempower.TempConverterUITests;
				PRODUCT_NAME = "$(TARGET_NAME)";
				SWIFT_EMIT_LOC_STRINGS = NO;
				SWIFT_VERSION = 5.0;
				TARGETED_DEVICE_FAMILY = "1,2";
				TEST_TARGET_NAME = TempConverter;
			};
			name = Debug;
		};
		048DDEBB2C37556700C94370 /* Release */ = {
			isa = XCBuildConfiguration;
			buildSettings = {
				ALWAYS_EMBED_SWIFT_STANDARD_LIBRARIES = YES;
				CODE_SIGN_STYLE = Automatic;
				CURRENT_PROJECT_VERSION = 1;
				GENERATE_INFOPLIST_FILE = YES;
				MARKETING_VERSION = 1.0;
				PRODUCT_BUNDLE_IDENTIFIER = com.nuvempower.TempConverterUITests;
				PRODUCT_NAME = "$(TARGET_NAME)";
				SWIFT_EMIT_LOC_STRINGS = NO;
				SWIFT_VERSION = 5.0;
				TARGETED_DEVICE_FAMILY = "1,2";
				TEST_TARGET_NAME = TempConverter;
			};
			name = Release;
		};
/* End XCBuildConfiguration section */

/* Begin XCConfigurationList section */
		048DDE8A2C37556600C94370 /* Build configuration list for PBXProject "TempConverter" */ = {
			isa = XCConfigurationList;
			buildConfigurations = (
				048DDEB12C37556700C94370 /* Debug */,
				048DDEB22C37556700C94370 /* Release */,
			);
			defaultConfigurationIsVisible = 0;
			defaultConfigurationName = Release;
		};
		048DDEB32C37556700C94370 /* Build configuration list for PBXNativeTarget "TempConverter" */ = {
			isa = XCConfigurationList;
			buildConfigurations = (
				048DDEB42C37556700C94370 /* Debug */,
				048DDEB52C37556700C94370 /* Release */,
			);
			defaultConfigurationIsVisible = 0;
			defaultConfigurationName = Release;
		};
		048DDEB62C37556700C94370 /* Build configuration list for PBXNativeTarget "TempConverterTests" */ = {
			isa = XCConfigurationList;
			buildConfigurations = (
				048DDEB72C37556700C94370 /* Debug */,
				048DDEB82C37556700C94370 /* Release */,
			);
			defaultConfigurationIsVisible = 0;
			defaultConfigurationName = Release;
		};
		048DDEB92C37556700C94370 /* Build configuration list for PBXNativeTarget "TempConverterUITests" */ = {
			isa = XCConfigurationList;
			buildConfigurations = (
				048DDEBA2C37556700C94370 /* Debug */,
				048DDEBB2C37556700C94370 /* Release */,
			);
			defaultConfigurationIsVisible = 0;
			defaultConfigurationName = Release;
		};
/* End XCConfigurationList section */
	};
	rootObject = 048DDE872C37556600C94370 /* Project object */;
}
